
Microsoft Visual Studio Solution File, Format Version 12.00
# Visual Studio Version 17
VisualStudioVersion = 17.5.33627.172
MinimumVisualStudioVersion = 10.0.40219.1
Project("{FAE04EC0-301F-11D3-BF4B-00C04F79EFBC}") = "NewSnakeProj", "NewSnakeProj.csproj", "{AB4062D5-5CE8-4FDF-A527-C62C3092BE92}"
EndProject
Global
	GlobalSection(SolutionConfigurationPlatforms) = preSolution
		Debug|Any CPU = Debug|Any CPU
		Release|Any CPU = Release|Any CPU
	EndGlobalSection
	GlobalSection(ProjectConfigurationPlatforms) = postSolution
		{AB4062D5-5CE8-4FDF-A527-C62C3092BE92}.Debug|Any CPU.ActiveCfg = Debug|Any CPU
		{AB4062D5-5CE8-4FDF-A527-C62C3092BE92}.Debug|Any CPU.Build.0 = Debug|Any CPU
		{AB4062D5-5CE8-4FDF-A527-C62C3092BE92}.Release|Any CPU.ActiveCfg = Release|Any CPU
		{AB4062D5-5CE8-4FDF-A527-C62C3092BE92}.Release|Any CPU.Build.0 = Release|Any CPU
	EndGlobalSection
	GlobalSection(SolutionProperties) = preSolution
		HideSolutionNode = FALSE
	EndGlobalSection
	GlobalSection(ExtensibilityGlobals) = postSolution
		SolutionGuid = {D7B8DEDA-B4D3-4916-BF72-703C40B7E846}
	EndGlobalSection
EndGlobal
